
Microsoft Visual Studio Solution File, Format Version 12.00
# Visual Studio Version 17
VisualStudioVersion = 17.0.31903.59
MinimumVisualStudioVersion = 10.0.40219.1
Project("{FAE04EC0-301F-11D3-BF4B-00C04F79EFBC}") = "BankingSystem.Services.CustomerService", "BankingSystem.Services.CustomerService\BankingSystem.Services.CustomerService.csproj", "{6DC7F704-D600-4E70-BABA-821835B75CFE}"
EndProject
Project("{FAE04EC0-301F-11D3-BF4B-00C04F79EFBC}") = "BankingSystem.Services.AccountService", "BankingSystem.Services.AccountService\BankingSystem.Services.AccountService.csproj", "{A7C84992-D1CC-4BB9-928E-309AC6AA41E4}"
EndProject
Project("{FAE04EC0-301F-11D3-BF4B-00C04F79EFBC}") = "BankingSystem.Services.NotificationWorker", "BankingSystem.Services.NotificationWorker\BankingSystem.Services.NotificationWorker.csproj", "{EBFF2B76-CC99-4C21-9BB2-794DC03F18C8}"
EndProject
Project("{FAE04EC0-301F-11D3-BF4B-00C04F79EFBC}") = "BankingSystem.Services.LoanService", "BankingSystem.Services.LoanService\BankingSystem.Services.LoanService.csproj", "{E970867D-D06E-440C-B57D-9616758079F0}"
EndProject
Global
	GlobalSection(SolutionConfigurationPlatforms) = preSolution
		Debug|Any CPU = Debug|Any CPU
		Release|Any CPU = Release|Any CPU
	EndGlobalSection
	GlobalSection(ProjectConfigurationPlatforms) = postSolution
		{6DC7F704-D600-4E70-BABA-821835B75CFE}.Debug|Any CPU.ActiveCfg = Debug|Any CPU
		{6DC7F704-D600-4E70-BABA-821835B75CFE}.Debug|Any CPU.Build.0 = Debug|Any CPU
		{6DC7F704-D600-4E70-BABA-821835B75CFE}.Release|Any CPU.ActiveCfg = Release|Any CPU
		{6DC7F704-D600-4E70-BABA-821835B75CFE}.Release|Any CPU.Build.0 = Release|Any CPU
		{A7C84992-D1CC-4BB9-928E-309AC6AA41E4}.Debug|Any CPU.ActiveCfg = Debug|Any CPU
		{A7C84992-D1CC-4BB9-928E-309AC6AA41E4}.Debug|Any CPU.Build.0 = Debug|Any CPU
		{A7C84992-D1CC-4BB9-928E-309AC6AA41E4}.Release|Any CPU.ActiveCfg = Release|Any CPU
		{A7C84992-D1CC-4BB9-928E-309AC6AA41E4}.Release|Any CPU.Build.0 = Release|Any CPU
		{EBFF2B76-CC99-4C21-9BB2-794DC03F18C8}.Debug|Any CPU.ActiveCfg = Debug|Any CPU
		{EBFF2B76-CC99-4C21-9BB2-794DC03F18C8}.Debug|Any CPU.Build.0 = Debug|Any CPU
		{EBFF2B76-CC99-4C21-9BB2-794DC03F18C8}.Release|Any CPU.ActiveCfg = Release|Any CPU
		{EBFF2B76-CC99-4C21-9BB2-794DC03F18C8}.Release|Any CPU.Build.0 = Release|Any CPU
		{E970867D-D06E-440C-B57D-9616758079F0}.Debug|Any CPU.ActiveCfg = Debug|Any CPU
		{E970867D-D06E-440C-B57D-9616758079F0}.Debug|Any CPU.Build.0 = Debug|Any CPU
		{E970867D-D06E-440C-B57D-9616758079F0}.Release|Any CPU.ActiveCfg = Release|Any CPU
		{E970867D-D06E-440C-B57D-9616758079F0}.Release|Any CPU.Build.0 = Release|Any CPU
	EndGlobalSection
	GlobalSection(SolutionProperties) = preSolution
		HideSolutionNode = FALSE
	EndGlobalSection
EndGlobal
